
Microsoft Visual Studio Solution File, Format Version 12.00
# Visual Studio Version 17
VisualStudioVersion = 17.1.32210.238
MinimumVisualStudioVersion = 10.0.40219.1
Project("{FAE04EC0-301F-11D3-BF4B-00C04F79EFBC}") = "ImageViewer", "ImageViewer\ImageViewer.csproj", "{7A3E620C-FBB8-476D-8D18-2E7CBCCE1315}"
EndProject
Global
	GlobalSection(SolutionConfigurationPlatforms) = preSolution
		Debug|Any CPU = Debug|Any CPU
		Release|Any CPU = Release|Any CPU
	EndGlobalSection
	GlobalSection(ProjectConfigurationPlatforms) = postSolution
		{7A3E620C-FBB8-476D-8D18-2E7CBCCE1315}.Debug|Any CPU.ActiveCfg = Debug|Any CPU
		{7A3E620C-FBB8-476D-8D18-2E7CBCCE1315}.Debug|Any CPU.Build.0 = Debug|Any CPU
		{7A3E620C-FBB8-476D-8D18-2E7CBCCE1315}.Release|Any CPU.ActiveCfg = Release|Any CPU
		{7A3E620C-FBB8-476D-8D18-2E7CBCCE1315}.Release|Any CPU.Build.0 = Release|Any CPU
	EndGlobalSection
	GlobalSection(SolutionProperties) = preSolution
		HideSolutionNode = FALSE
	EndGlobalSection
	GlobalSection(ExtensibilityGlobals) = postSolution
		SolutionGuid = {76E1E6A0-8408-4BA8-AE20-F8C7E19D27C4}
	EndGlobalSection
EndGlobal
